
Microsoft Visual Studio Solution File, Format Version 12.00
# Visual Studio 2013
VisualStudioVersion = 12.0.21005.1
MinimumVisualStudioVersion = 10.0.40219.1
Project("{FAE04EC0-301F-11D3-BF4B-00C04F79EFBC}") = "WCMS_MAIN", "WCMS_MAIN\WCMS_MAIN.csproj", "{9E31735D-9AE3-46F7-A3AB-88747373594B}"
EndProject
Project("{FAE04EC0-301F-11D3-BF4B-00C04F79EFBC}") = "WCMS_DAL", "WCMS_DAL\WCMS_DAL.csproj", "{86BFBCA2-AAB4-4D1F-87B2-F113BFDFADEA}"
EndProject
Project("{FAE04EC0-301F-11D3-BF4B-00C04F79EFBC}") = "WCMS_BLL", "WCMS_BLL\WCMS_BLL.csproj", "{A7ECC336-C743-4DDA-B092-6516C3AB2F77}"
EndProject
Project("{FAE04EC0-301F-11D3-BF4B-00C04F79EFBC}") = "WCMS_COMMON", "WCMS_COMMON\WCMS_COMMON.csproj", "{601E7174-B2BE-410E-8B0A-CBF0A0187D8E}"
EndProject
Project("{FAE04EC0-301F-11D3-BF4B-00C04F79EFBC}") = "WCMS_ENTITY", "WCMS_ENTITY\WCMS_ENTITY.csproj", "{F8F2D05F-D629-4682-92C1-7E463C027BE9}"
EndProject
Project("{FAE04EC0-301F-11D3-BF4B-00C04F79EFBC}") = "WCMS_SERVICE", "WcfService2\WCMS_SERVICE.csproj", "{402C838E-ADEE-4906-8677-EC5B4A727372}"
EndProject
Global
	GlobalSection(SolutionConfigurationPlatforms) = preSolution
		Debug|Any CPU = Debug|Any CPU
		Debug|ARM = Debug|ARM
		Debug|x64 = Debug|x64
		Debug|x86 = Debug|x86
		Release|Any CPU = Release|Any CPU
		Release|ARM = Release|ARM
		Release|x64 = Release|x64
		Release|x86 = Release|x86
	EndGlobalSection
	GlobalSection(ProjectConfigurationPlatforms) = postSolution
		{9E31735D-9AE3-46F7-A3AB-88747373594B}.Debug|Any CPU.ActiveCfg = Debug|Any CPU
		{9E31735D-9AE3-46F7-A3AB-88747373594B}.Debug|Any CPU.Build.0 = Debug|Any CPU
		{9E31735D-9AE3-46F7-A3AB-88747373594B}.Debug|ARM.ActiveCfg = Debug|Any CPU
		{9E31735D-9AE3-46F7-A3AB-88747373594B}.Debug|x64.ActiveCfg = Debug|Any CPU
		{9E31735D-9AE3-46F7-A3AB-88747373594B}.Debug|x86.ActiveCfg = Debug|Any CPU
		{9E31735D-9AE3-46F7-A3AB-88747373594B}.Release|Any CPU.ActiveCfg = Release|Any CPU
		{9E31735D-9AE3-46F7-A3AB-88747373594B}.Release|Any CPU.Build.0 = Release|Any CPU
		{9E31735D-9AE3-46F7-A3AB-88747373594B}.Release|ARM.ActiveCfg = Release|Any CPU
		{9E31735D-9AE3-46F7-A3AB-88747373594B}.Release|x64.ActiveCfg = Release|Any CPU
		{9E31735D-9AE3-46F7-A3AB-88747373594B}.Release|x86.ActiveCfg = Release|Any CPU
		{86BFBCA2-AAB4-4D1F-87B2-F113BFDFADEA}.Debug|Any CPU.ActiveCfg = Debug|Any CPU
		{86BFBCA2-AAB4-4D1F-87B2-F113BFDFADEA}.Debug|Any CPU.Build.0 = Debug|Any CPU
		{86BFBCA2-AAB4-4D1F-87B2-F113BFDFADEA}.Debug|ARM.ActiveCfg = Debug|Any CPU
		{86BFBCA2-AAB4-4D1F-87B2-F113BFDFADEA}.Debug|x64.ActiveCfg = Debug|Any CPU
		{86BFBCA2-AAB4-4D1F-87B2-F113BFDFADEA}.Debug|x86.ActiveCfg = Debug|Any CPU
		{86BFBCA2-AAB4-4D1F-87B2-F113BFDFADEA}.Release|Any CPU.ActiveCfg = Release|Any CPU
		{86BFBCA2-AAB4-4D1F-87B2-F113BFDFADEA}.Release|Any CPU.Build.0 = Release|Any CPU
		{86BFBCA2-AAB4-4D1F-87B2-F113BFDFADEA}.Release|ARM.ActiveCfg = Release|Any CPU
		{86BFBCA2-AAB4-4D1F-87B2-F113BFDFADEA}.Release|x64.ActiveCfg = Release|Any CPU
		{86BFBCA2-AAB4-4D1F-87B2-F113BFDFADEA}.Release|x86.ActiveCfg = Release|Any CPU
		{A7ECC336-C743-4DDA-B092-6516C3AB2F77}.Debug|Any CPU.ActiveCfg = Debug|Any CPU
		{A7ECC336-C743-4DDA-B092-6516C3AB2F77}.Debug|Any CPU.Build.0 = Debug|Any CPU
		{A7ECC336-C743-4DDA-B092-6516C3AB2F77}.Debug|ARM.ActiveCfg = Debug|Any CPU
		{A7ECC336-C743-4DDA-B092-6516C3AB2F77}.Debug|x64.ActiveCfg = Debug|Any CPU
		{A7ECC336-C743-4DDA-B092-6516C3AB2F77}.Debug|x86.ActiveCfg = Debug|Any CPU
		{A7ECC336-C743-4DDA-B092-6516C3AB2F77}.Release|Any CPU.ActiveCfg = Release|Any CPU
		{A7ECC336-C743-4DDA-B092-6516C3AB2F77}.Release|Any CPU.Build.0 = Release|Any CPU
		{A7ECC336-C743-4DDA-B092-6516C3AB2F77}.Release|ARM.ActiveCfg = Release|Any CPU
		{A7ECC336-C743-4DDA-B092-6516C3AB2F77}.Release|x64.ActiveCfg = Release|Any CPU
		{A7ECC336-C743-4DDA-B092-6516C3AB2F77}.Release|x86.ActiveCfg = Release|Any CPU
		{601E7174-B2BE-410E-8B0A-CBF0A0187D8E}.Debug|Any CPU.ActiveCfg = Debug|Any CPU
		{601E7174-B2BE-410E-8B0A-CBF0A0187D8E}.Debug|Any CPU.Build.0 = Debug|Any CPU
		{601E7174-B2BE-410E-8B0A-CBF0A0187D8E}.Debug|ARM.ActiveCfg = Debug|Any CPU
		{601E7174-B2BE-410E-8B0A-CBF0A0187D8E}.Debug|x64.ActiveCfg = Debug|Any CPU
		{601E7174-B2BE-410E-8B0A-CBF0A0187D8E}.Debug|x86.ActiveCfg = Debug|Any CPU
		{601E7174-B2BE-410E-8B0A-CBF0A0187D8E}.Release|Any CPU.ActiveCfg = Release|Any CPU
		{601E7174-B2BE-410E-8B0A-CBF0A0187D8E}.Release|Any CPU.Build.0 = Release|Any CPU
		{601E7174-B2BE-410E-8B0A-CBF0A0187D8E}.Release|ARM.ActiveCfg = Release|Any CPU
		{601E7174-B2BE-410E-8B0A-CBF0A0187D8E}.Release|x64.ActiveCfg = Release|Any CPU
		{601E7174-B2BE-410E-8B0A-CBF0A0187D8E}.Release|x86.ActiveCfg = Release|Any CPU
		{F8F2D05F-D629-4682-92C1-7E463C027BE9}.Debug|Any CPU.ActiveCfg = Debug|Any CPU
		{F8F2D05F-D629-4682-92C1-7E463C027BE9}.Debug|Any CPU.Build.0 = Debug|Any CPU
		{F8F2D05F-D629-4682-92C1-7E463C027BE9}.Debug|ARM.ActiveCfg = Debug|Any CPU
		{F8F2D05F-D629-4682-92C1-7E463C027BE9}.Debug|x64.ActiveCfg = Debug|Any CPU
		{F8F2D05F-D629-4682-92C1-7E463C027BE9}.Debug|x86.ActiveCfg = Debug|Any CPU
		{F8F2D05F-D629-4682-92C1-7E463C027BE9}.Release|Any CPU.ActiveCfg = Release|Any CPU
		{F8F2D05F-D629-4682-92C1-7E463C027BE9}.Release|Any CPU.Build.0 = Release|Any CPU
		{F8F2D05F-D629-4682-92C1-7E463C027BE9}.Release|ARM.ActiveCfg = Release|Any CPU
		{F8F2D05F-D629-4682-92C1-7E463C027BE9}.Release|x64.ActiveCfg = Release|Any CPU
		{F8F2D05F-D629-4682-92C1-7E463C027BE9}.Release|x86.ActiveCfg = Release|Any CPU
		{402C838E-ADEE-4906-8677-EC5B4A727372}.Debug|Any CPU.ActiveCfg = Debug|Any CPU
		{402C838E-ADEE-4906-8677-EC5B4A727372}.Debug|Any CPU.Build.0 = Debug|Any CPU
		{402C838E-ADEE-4906-8677-EC5B4A727372}.Debug|ARM.ActiveCfg = Debug|Any CPU
		{402C838E-ADEE-4906-8677-EC5B4A727372}.Debug|x64.ActiveCfg = Debug|Any CPU
		{402C838E-ADEE-4906-8677-EC5B4A727372}.Debug|x86.ActiveCfg = Debug|Any CPU
		{402C838E-ADEE-4906-8677-EC5B4A727372}.Release|Any CPU.ActiveCfg = Release|Any CPU
		{402C838E-ADEE-4906-8677-EC5B4A727372}.Release|Any CPU.Build.0 = Release|Any CPU
		{402C838E-ADEE-4906-8677-EC5B4A727372}.Release|ARM.ActiveCfg = Release|Any CPU
		{402C838E-ADEE-4906-8677-EC5B4A727372}.Release|x64.ActiveCfg = Release|Any CPU
		{402C838E-ADEE-4906-8677-EC5B4A727372}.Release|x86.ActiveCfg = Release|Any CPU
	EndGlobalSection
	GlobalSection(SolutionProperties) = preSolution
		HideSolutionNode = FALSE
	EndGlobalSection
EndGlobal
